
Microsoft Visual Studio Solution File, Format Version 12.00
# Visual Studio Version 17
VisualStudioVersion = 17.0.31903.59
MinimumVisualStudioVersion = 10.0.40219.1
Project("{FAE04EC0-301F-11D3-BF4B-00C04F79EFBC}") = "BlazorCrud.Server", "BlazorCrud\Server\BlazorCrud.Server.csproj", "{7F18C9AB-EDDD-4FD9-9DB6-2B945F4FD59D}"
EndProject
Project("{FAE04EC0-301F-11D3-BF4B-00C04F79EFBC}") = "BlazorCrud.Client", "BlazorCrud\Client\BlazorCrud.Client.csproj", "{49CB5DAE-6B25-4191-A450-CEAF75151E84}"
EndProject
Project("{FAE04EC0-301F-11D3-BF4B-00C04F79EFBC}") = "BlazorCrud.Shared", "BlazorCrud\Shared\BlazorCrud.Shared.csproj", "{C29D8281-4851-4F10-89DE-BCAADED1A372}"
EndProject
Global
	GlobalSection(SolutionConfigurationPlatforms) = preSolution
		Debug|Any CPU = Debug|Any CPU
		Release|Any CPU = Release|Any CPU
	EndGlobalSection
	GlobalSection(ProjectConfigurationPlatforms) = postSolution
		{7F18C9AB-EDDD-4FD9-9DB6-2B945F4FD59D}.Debug|Any CPU.ActiveCfg = Debug|Any CPU
		{7F18C9AB-EDDD-4FD9-9DB6-2B945F4FD59D}.Debug|Any CPU.Build.0 = Debug|Any CPU
		{7F18C9AB-EDDD-4FD9-9DB6-2B945F4FD59D}.Release|Any CPU.ActiveCfg = Release|Any CPU
		{7F18C9AB-EDDD-4FD9-9DB6-2B945F4FD59D}.Release|Any CPU.Build.0 = Release|Any CPU
		{49CB5DAE-6B25-4191-A450-CEAF75151E84}.Debug|Any CPU.ActiveCfg = Debug|Any CPU
		{49CB5DAE-6B25-4191-A450-CEAF75151E84}.Debug|Any CPU.Build.0 = Debug|Any CPU
		{49CB5DAE-6B25-4191-A450-CEAF75151E84}.Release|Any CPU.ActiveCfg = Release|Any CPU
		{49CB5DAE-6B25-4191-A450-CEAF75151E84}.Release|Any CPU.Build.0 = Release|Any CPU
		{C29D8281-4851-4F10-89DE-BCAADED1A372}.Debug|Any CPU.ActiveCfg = Debug|Any CPU
		{C29D8281-4851-4F10-89DE-BCAADED1A372}.Debug|Any CPU.Build.0 = Debug|Any CPU
		{C29D8281-4851-4F10-89DE-BCAADED1A372}.Release|Any CPU.ActiveCfg = Release|Any CPU
		{C29D8281-4851-4F10-89DE-BCAADED1A372}.Release|Any CPU.Build.0 = Release|Any CPU
	EndGlobalSection
	GlobalSection(SolutionProperties) = preSolution
		HideSolutionNode = FALSE
	EndGlobalSection
	GlobalSection(ExtensibilityGlobals) = postSolution
		SolutionGuid = {9C5E2D31-112A-42D2-B29E-6BEBB8458B8A}
	EndGlobalSection
EndGlobal
